lockfileVersion: '9.0'

settings:
  autoInstallPeers: true
  excludeLinksFromLockfile: false

importers:

  .:
    devDependencies:
      '@redocly/cli':
        specifier: 2.39.0
        version: 2.39.0
      yaml:
        specifier: 2.8.3
        version: 2.8.3

packages:

  '@redocly/cli@2.39.0':
    resolution: {integrity: sha512-xA0Z9YMEhlzbpn/BVErlE2UzuKfahp9llBwEnVtAYuhWdF8UCIm+cgYX8f/gHQIJ/TKwB93awAewTOgEsbZFZw==}
    engines: {node: '>=22.12.0 || >=20.19.0 <21.0.0', npm: '>=10'}
    hasBin: true

  yaml@2.8.3:
    resolution: {integrity: sha512-AvbaCLOO2Otw/lW5bmh9d/WEdcDFdQp2Z2ZUH3pX9U2ihyUY0nvLv7J6TrWowklRGPYbB/IuIMfYgxaCPg5Bpg==}
    engines: {node: '>= 14.6'}
    hasBin: true

snapshots:

  '@redocly/cli@2.39.0': {}

  yaml@2.8.3: {}
